// !$*UTF8*$!
{
	archiveVersion = 1;
	classes = {
	};
	objectVersion = 56;
	objects = {

/* Begin PBXBuildFile section */
		EEBB00862CD00503005415E9 /* IntelligenceAssistantApp.swift in Sources */ = {isa = PBXBuildFile; fileRef = EEBB00852CD00503005415E9 /* IntelligenceAssistantApp.swift */; };
		EEBB00882CD00503005415E9 /* ContentView.swift in Sources */ = {isa = PBXBuildFile; fileRef = EEBB00872CD00503005415E9 /* ContentView.swift */; };
		EEBB008A2CD00504005415E9 /* Assets.xcassets in Resources */ = {isa = PBXBuildFile; fileRef = EEBB00892CD00504005415E9 /* Assets.xcassets */; };
		EEBB008D2CD00504005415E9 /* Preview Assets.xcassets in Resources */ = {isa = PBXBuildFile; fileRef = EEBB008C2CD00504005415E9 /* Preview Assets.xcassets */; };
		EEBB00972CD00504005415E9 /* IntelligenceAssistantTests.swift in Sources */ = {isa = PBXBuildFile; fileRef = EEBB00962CD00504005415E9 /* IntelligenceAssistantTests.swift */; };
		EEBB00A12CD00504005415E9 /* IntelligenceAssistantUITests.swift in Sources */ = {isa = PBXBuildFile; fileRef = EEBB00A02CD00504005415E9 /* IntelligenceAssistantUITests.swift */; };
		EEBB00A32CD00504005415E9 /* IntelligenceAssistantUITestsLaunchTests.swift in Sources */ = {isa = PBXBuildFile; fileRef = EEBB00A22CD00504005415E9 /* IntelligenceAssistantUITestsLaunchTests.swift */; };
/* End PBXBuildFile section */

/* Begin PBXContainerItemProxy section */
		EEBB00932CD00504005415E9 /* PBXContainerItemProxy */ = {
			isa = PBXContainerItemProxy;
			containerPortal = EEBB007A2CD00503005415E9 /* Project object */;
			proxyType = 1;
			remoteGlobalIDString = EEBB00812CD00503005415E9;
			remoteInfo = IntelligenceAssistant;
		};
		EEBB009D2CD00504005415E9 /* PBXContainerItemProxy */ = {
			isa = PBXContainerItemProxy;
			containerPortal = EEBB007A2CD00503005415E9 /* Project object */;
			proxyType = 1;
			remoteGlobalIDString = EEBB00812CD00503005415E9;
			remoteInfo = IntelligenceAssistant;
		};
/* End PBXContainerItemProxy section */

/* Begin PBXFileReference section */
		EEBB00822CD00503005415E9 /* IntelligenceAssistant.app */ = {isa = PBXFileReference; explicitFileType = wrapper.application; includeInIndex = 0; path = IntelligenceAssistant.app; sourceTree = BUILT_PRODUCTS_DIR; };
		EEBB00852CD00503005415E9 /* IntelligenceAssistantApp.swift */ = {isa = PBXFileReference; lastKnownFileType = sourcecode.swift; path = IntelligenceAssistantApp.swift; sourceTree = "<group>"; };
		EEBB00872CD00503005415E9 /* ContentView.swift */ = {isa = PBXFileReference; lastKnownFileType = sourcecode.swift; path = ContentView.swift; sourceTree = "<group>"; };
		EEBB00892CD00504005415E9 /* Assets.xcassets */ = {isa = PBXFileReference; lastKnownFileType = folder.assetcatalog; path = Assets.xcassets; sourceTree = "<group>"; };
		EEBB008C2CD00504005415E9 /* Preview Assets.xcassets */ = {isa = PBXFileReference; lastKnownFileType = folder.assetcatalog; path = "Preview Assets.xcassets"; sourceTree = "<group>"; };
		EEBB00922CD00504005415E9 /* IntelligenceAssistantTests.xctest */ = {isa = PBXFileReference; explicitFileType = wrapper.cfbundle; includeInIndex = 0; path = IntelligenceAssistantTests.xctest; sourceTree = BUILT_PRODUCTS_DIR; };
		EEBB00962CD00504005415E9 /* IntelligenceAssistantTests.swift */ = {isa = PBXFileReference; lastKnownFileType = sourcecode.swift; path = IntelligenceAssistantTests.swift; sourceTree = "<group>"; };
		EEBB009C2CD00504005415E9 /* IntelligenceAssistantUITests.xctest */ = {isa = PBXFileReference; explicitFileType = wrapper.cfbundle; includeInIndex = 0; path = IntelligenceAssistantUITests.xctest; sourceTree = BUILT_PRODUCTS_DIR; };
		EEBB00A02CD00504005415E9 /* IntelligenceAssistantUITests.swift */ = {isa = PBXFileReference; lastKnownFileType = sourcecode.swift; path = IntelligenceAssistantUITests.swift; sourceTree = "<group>"; };
		EEBB00A22CD00504005415E9 /* IntelligenceAssistantUITestsLaunchTests.swift */ = {isa = PBXFileReference; lastKnownFileType = sourcecode.swift; path = IntelligenceAssistantUITestsLaunchTests.swift; sourceTree = "<group>"; };
/* End PBXFileReference section */

/* Begin PBXFrameworksBuildPhase section */
		EEBB007F2CD00503005415E9 /* Frameworks */ = {
			isa = PBXFrameworksBuildPhase;
			buildActionMask = 2147483647;
			files = (
			);
			runOnlyForDeploymentPostprocessing = 0;
		};
		EEBB008F2CD00504005415E9 /* Frameworks */ = {
			isa = PBXFrameworksBuildPhase;
			buildActionMask = 2147483647;
			files = (
			);
			runOnlyForDeploymentPostprocessing = 0;
		};
		EEBB00992CD00504005415E9 /* Frameworks */ = {
			isa = PBXFrameworksBuildPhase;
			buildActionMask = 2147483647;
			files = (
			);
			runOnlyForDeploymentPostprocessing = 0;
		};
/* End PBXFrameworksBuildPhase section */

/* Begin PBXGroup section */
		EEBB00792CD00503005415E9 = {
			isa = PBXGroup;
			children = (
				EEBB00842CD00503005415E9 /* IntelligenceAssistant */,
				EEBB00952CD00504005415E9 /* IntelligenceAssistantTests */,
				EEBB009F2CD00504005415E9 /* IntelligenceAssistantUITests */,
				EEBB00832CD00503005415E9 /* Products */,
			);
			sourceTree = "<group>";
		};
		EEBB00832CD00503005415E9 /* Products */ = {
			isa = PBXGroup;
			children = (
				EEBB00822CD00503005415E9 /* IntelligenceAssistant.app */,
				EEBB00922CD00504005415E9 /* IntelligenceAssistantTests.xctest */,
				EEBB009C2CD00504005415E9 /* IntelligenceAssistantUITests.xctest */,
			);
			name = Products;
			sourceTree = "<group>";
		};
		EEBB00842CD00503005415E9 /* IntelligenceAssistant */ = {
			isa = PBXGroup;
			children = (
				EEBB00852CD00503005415E9 /* IntelligenceAssistantApp.swift */,
				EEBB00872CD00503005415E9 /* ContentView.swift */,
				EEBB00892CD00504005415E9 /* Assets.xcassets */,
				EEBB008B2CD00504005415E9 /* Preview Content */,
			);
			path = IntelligenceAssistant;
			sourceTree = "<group>";
		};
		EEBB008B2CD00504005415E9 /* Preview Content */ = {
			isa = PBXGroup;
			children = (
				EEBB008C2CD00504005415E9 /* Preview Assets.xcassets */,
			);
			path = "Preview Content";
			sourceTree = "<group>";
		};
		EEBB00952CD00504005415E9 /* IntelligenceAssistantTests */ = {
			isa = PBXGroup;
			children = (
				EEBB00962CD00504005415E9 /* IntelligenceAssistantTests.swift */,
			);
			path = IntelligenceAssistantTests;
			sourceTree = "<group>";
		};
		EEBB009F2CD00504005415E9 /* IntelligenceAssistantUITests */ = {
			isa = PBXGroup;
			children = (
				EEBB00A02CD00504005415E9 /* IntelligenceAssistantUITests.swift */,
				EEBB00A22CD00504005415E9 /* IntelligenceAssistantUITestsLaunchTests.swift */,
			);
			path = IntelligenceAssistantUITests;
			sourceTree = "<group>";
		};
/* End PBXGroup section */

/* Begin PBXNativeTarget section */
		EEBB00812CD00503005415E9 /* IntelligenceAssistant */ = {
			isa = PBXNativeTarget;
			buildConfigurationList = EEBB00A62CD00504005415E9 /* Build configuration list for PBXNativeTarget "IntelligenceAssistant" */;
			buildPhases = (
				EEBB007E2CD00503005415E9 /* Sources */,
				EEBB007F2CD00503005415E9 /* Frameworks */,
				EEBB00802CD00503005415E9 /* Resources */,
			);
			buildRules = (
			);
			dependencies = (
			);
			name = IntelligenceAssistant;
			productName = IntelligenceAssistant;
			productReference = EEBB00822CD00503005415E9 /* IntelligenceAssistant.app */;
			productType = "com.apple.product-type.application";
		};
		EEBB00912CD00504005415E9 /* IntelligenceAssistantTests */ = {
			isa = PBXNativeTarget;
			buildConfigurationList = EEBB00A92CD00504005415E9 /* Build configuration list for PBXNativeTarget "IntelligenceAssistantTests" */;
			buildPhases = (
				EEBB008E2CD00504005415E9 /* Sources */,
				EEBB008F2CD00504005415E9 /* Frameworks */,
				EEBB00902CD00504005415E9 /* Resources */,
			);
			buildRules = (
			);
			dependencies = (
				EEBB00942CD00504005415E9 /* PBXTargetDependency */,
			);
			name = IntelligenceAssistantTests;
			productName = IntelligenceAssistantTests;
			productReference = EEBB00922CD00504005415E9 /* IntelligenceAssistantTests.xctest */;
			productType = "com.apple.product-type.bundle.unit-test";
		};
		EEBB009B2CD00504005415E9 /* IntelligenceAssistantUITests */ = {
			isa = PBXNativeTarget;
			buildConfigurationList = EEBB00AC2CD00504005415E9 /* Build configuration list for PBXNativeTarget "IntelligenceAssistantUITests" */;
			buildPhases = (
				EEBB00982CD00504005415E9 /* Sources */,
				EEBB00992CD00504005415E9 /* Frameworks */,
				EEBB009A2CD00504005415E9 /* Resources */,
			);
			buildRules = (
			);
			dependencies = (
				EEBB009E2CD00504005415E9 /* PBXTargetDependency */,
			);
			name = IntelligenceAssistantUITests;
			productName = IntelligenceAssistantUITests;
			productReference = EEBB009C2CD00504005415E9 /* IntelligenceAssistantUITests.xctest */;
			productType = "com.apple.product-type.bundle.ui-testing";
		};
/* End PBXNativeTarget section */

/* Begin PBXProject section */
		EEBB007A2CD00503005415E9 /* Project object */ = {
			isa = PBXProject;
			attributes = {
				BuildIndependentTargetsInParallel = 1;
				LastSwiftUpdateCheck = 1540;
				LastUpgradeCheck = 1540;
				TargetAttributes = {
					EEBB00812CD00503005415E9 = {
						CreatedOnToolsVersion = 15.4;
					};
					EEBB00912CD00504005415E9 = {
						CreatedOnToolsVersion = 15.4;
						TestTargetID = EEBB00812CD00503005415E9;
					};
					EEBB009B2CD00504005415E9 = {
						CreatedOnToolsVersion = 15.4;
						TestTargetID = EEBB00812CD00503005415E9;
					};
				};
			};
			buildConfigurationList = EEBB007D2CD00503005415E9 /* Build configuration list for PBXProject "IntelligenceAssistant" */;
			compatibilityVersion = "Xcode 14.0";
			developmentRegion = en;
			hasScannedForEncodings = 0;
			knownRegions = (
				en,
				Base,
			);
			mainGroup = EEBB00792CD00503005415E9;
			productRefGroup = EEBB00832CD00503005415E9 /* Products */;
			projectDirPath = "";
			projectRoot = "";
			targets = (
				EEBB00812CD00503005415E9 /* IntelligenceAssistant */,
				EEBB00912CD00504005415E9 /* IntelligenceAssistantTests */,
				EEBB009B2CD00504005415E9 /* IntelligenceAssistantUITests */,
			);
		};
/* End PBXProject section */

/* Begin PBXResourcesBuildPhase section */
		EEBB00802CD00503005415E9 /* Resources */ = {
			isa = PBXResourcesBuildPhase;
			buildActionMask = 2147483647;
			files = (
				EEBB008D2CD00504005415E9 /* Preview Assets.xcassets in Resources */,
				EEBB008A2CD00504005415E9 /* Assets.xcassets in Resources */,
			);
			runOnlyForDeploymentPostprocessing = 0;
		};
		EEBB00902CD00504005415E9 /* Resources */ = {
			isa = PBXResourcesBuildPhase;
			buildActionMask = 2147483647;
			files = (
			);
			runOnlyForDeploymentPostprocessing = 0;
		};
		EEBB009A2CD00504005415E9 /* Resources */ = {
			isa = PBXResourcesBuildPhase;
			buildActionMask = 2147483647;
			files = (
			);
			runOnlyForDeploymentPostprocessing = 0;
		};
/* End PBXResourcesBuildPhase section */

/* Begin PBXSourcesBuildPhase section */
		EEBB007E2CD00503005415E9 /* Sources */ = {
			isa = PBXSourcesBuildPhase;
			buildActionMask = 2147483647;
			files = (
				EEBB00882CD00503005415E9 /* ContentView.swift in Sources */,
				EEBB00862CD00503005415E9 /* IntelligenceAssistantApp.swift in Sources */,
			);
			runOnlyForDeploymentPostprocessing = 0;
		};
		EEBB008E2CD00504005415E9 /* Sources */ = {
			isa = PBXSourcesBuildPhase;
			buildActionMask = 2147483647;
			files = (
				EEBB00972CD00504005415E9 /* IntelligenceAssistantTests.swift in Sources */,
			);
			runOnlyForDeploymentPostprocessing = 0;
		};
		EEBB00982CD00504005415E9 /* Sources */ = {
			isa = PBXSourcesBuildPhase;
			buildActionMask = 2147483647;
			files = (
				EEBB00A32CD00504005415E9 /* IntelligenceAssistantUITestsLaunchTests.swift in Sources */,
				EEBB00A12CD00504005415E9 /* IntelligenceAssistantUITests.swift in Sources */,
			);
			runOnlyForDeploymentPostprocessing = 0;
		};
/* End PBXSourcesBuildPhase section */

/* Begin PBXTargetDependency section */
		EEBB00942CD00504005415E9 /* PBXTargetDependency */ = {
			isa = PBXTargetDependency;
			target = EEBB00812CD00503005415E9 /* IntelligenceAssistant */;
			targetProxy = EEBB00932CD00504005415E9 /* PBXContainerItemProxy */;
		};
		EEBB009E2CD00504005415E9 /* PBXTargetDependency */ = {
			isa = PBXTargetDependency;
			target = EEBB00812CD00503005415E9 /* IntelligenceAssistant */;
			targetProxy = EEBB009D2CD00504005415E9 /* PBXContainerItemProxy */;
		};
/* End PBXTargetDependency section */

/* Begin XCBuildConfiguration section */
		EEBB00A42CD00504005415E9 /* Debug */ = {
			isa = XCBuildConfiguration;
			buildSettings = {
				ALWAYS_SEARCH_USER_PATHS = NO;
				ASSETCATALOG_COMPILER_GENERATE_SWIFT_ASSET_SYMBOL_EXTENSIONS = YES;
				CLANG_ANALYZER_NONNULL = YES;
				CLANG_ANALYZER_NUMBER_OBJECT_CONVERSION = YES_AGGRESSIVE;
				CLANG_CXX_LANGUAGE_STANDARD = "gnu++20";
				CLANG_ENABLE_MODULES = YES;
				CLANG_ENABLE_OBJC_ARC = YES;
				CLANG_ENABLE_OBJC_WEAK = YES;
				CLANG_WARN_BLOCK_CAPTURE_AUTORELEASING = YES;
				CLANG_WARN_BOOL_CONVERSION = YES;
				CLANG_WARN_COMMA = YES;
				CLANG_WARN_CONSTANT_CONVERSION = YES;
				CLANG_WARN_DEPRECATED_OBJC_IMPLEMENTATIONS = YES;
				CLANG_WARN_DIRECT_OBJC_ISA_USAGE = YES_ERROR;
				CLANG_WARN_DOCUMENTATION_COMMENTS = YES;
				CLANG_WARN_EMPTY_BODY = YES;
				CLANG_WARN_ENUM_CONVERSION = YES;
				CLANG_WARN_INFINITE_RECURSION = YES;
				CLANG_WARN_INT_CONVERSION = YES;
				CLANG_WARN_NON_LITERAL_NULL_CONVERSION = YES;
				CLANG_WARN_OBJC_IMPLICIT_RETAIN_SELF = YES;
				CLANG_WARN_OBJC_LITERAL_CONVERSION = YES;
				CLANG_WARN_OBJC_ROOT_CLASS = YES_ERROR;
				CLANG_WARN_QUOTED_INCLUDE_IN_FRAMEWORK_HEADER = YES;
				CLANG_WARN_RANGE_LOOP_ANALYSIS = YES;
				CLANG_WARN_STRICT_PROTOTYPES = YES;
				CLANG_WARN_SUSPICIOUS_MOVE = YES;
				CLANG_WARN_UNGUARDED_AVAILABILITY = YES_AGGRESSIVE;
				CLANG_WARN_UNREACHABLE_CODE = YES;
				CLANG_WARN__DUPLICATE_METHOD_MATCH = YES;
				COPY_PHASE_STRIP = NO;
				DEBUG_INFORMATION_FORMAT = dwarf;
				ENABLE_STRICT_OBJC_MSGSEND = YES;
				ENABLE_TESTABILITY = YES;
				ENABLE_USER_SCRIPT_SANDBOXING = YES;
				GCC_C_LANGUAGE_STANDARD = gnu17;
				GCC_DYNAMIC_NO_PIC = NO;
				GCC_NO_COMMON_BLOCKS = YES;
				GCC_OPTIMIZATION_LEVEL = 0;
				GCC_PREPROCESSOR_DEFINITIONS = (
					"DEBUG=1",
					"$(inherited)",
				);
				GCC_WARN_64_TO_32_BIT_CONVERSION = YES;
				GCC_WARN_ABOUT_RETURN_TYPE = YES_ERROR;
				GCC_WARN_UNDECLARED_SELECTOR = YES;
				GCC_WARN_UNINITIALIZED_AUTOS = YES_AGGRESSIVE;
				GCC_WARN_UNUSED_FUNCTION = YES;
				GCC_WARN_UNUSED_VARIABLE = YES;
				IPHONEOS_DEPLOYMENT_TARGET = 17.5;
				LOCALIZATION_PREFERS_STRING_CATALOGS = YES;
				MTL_ENABLE_DEBUG_INFO = INCLUDE_SOURCE;
				MTL_FAST_MATH = YES;
				ONLY_ACTIVE_ARCH = YES;
				SDKROOT = iphoneos;
				SWIFT_ACTIVE_COMPILATION_CONDITIONS = "DEBUG $(inherited)";
				SWIFT_OPTIMIZATION_LEVEL = "-Onone";
			};
			name = Debug;
		};
		EEBB00A52CD00504005415E9 /* Release */ = {
			isa = XCBuildConfiguration;
			buildSettings = {
				ALWAYS_SEARCH_USER_PATHS = NO;
				ASSETCATALOG_COMPILER_GENERATE_SWIFT_ASSET_SYMBOL_EXTENSIONS = YES;
				CLANG_ANALYZER_NONNULL = YES;
				CLANG_ANALYZER_NUMBER_OBJECT_CONVERSION = YES_AGGRESSIVE;
				CLANG_CXX_LANGUAGE_STANDARD = "gnu++20";
				CLANG_ENABLE_MODULES = YES;
				CLANG_ENABLE_OBJC_ARC = YES;
				CLANG_ENABLE_OBJC_WEAK = YES;
				CLANG_WARN_BLOCK_CAPTURE_AUTORELEASING = YES;
				CLANG_WARN_BOOL_CONVERSION = YES;
				CLANG_WARN_COMMA = YES;
				CLANG_WARN_CONSTANT_CONVERSION = YES;
				CLANG_WARN_DEPRECATED_OBJC_IMPLEMENTATIONS = YES;
				CLANG_WARN_DIRECT_OBJC_ISA_USAGE = YES_ERROR;
				CLANG_WARN_DOCUMENTATION_COMMENTS = YES;
				CLANG_WARN_EMPTY_BODY = YES;
				CLANG_WARN_ENUM_CONVERSION = YES;
				CLANG_WARN_INFINITE_RECURSION = YES;
				CLANG_WARN_INT_CONVERSION = YES;
				CLANG_WARN_NON_LITERAL_NULL_CONVERSION = YES;
				CLANG_WARN_OBJC_IMPLICIT_RETAIN_SELF = YES;
				CLANG_WARN_OBJC_LITERAL_CONVERSION = YES;
				CLANG_WARN_OBJC_ROOT_CLASS = YES_ERROR;
				CLANG_WARN_QUOTED_INCLUDE_IN_FRAMEWORK_HEADER = YES;
				CLANG_WARN_RANGE_LOOP_ANALYSIS = YES;
				CLANG_WARN_STRICT_PROTOTYPES = YES;
				CLANG_WARN_SUSPICIOUS_MOVE = YES;
				CLANG_WARN_UNGUARDED_AVAILABILITY = YES_AGGRESSIVE;
				CLANG_WARN_UNREACHABLE_CODE = YES;
				CLANG_WARN__DUPLICATE_METHOD_MATCH = YES;
				COPY_PHASE_STRIP = NO;
				DEBUG_INFORMATION_FORMAT = "dwarf-with-dsym";
				ENABLE_NS_ASSERTIONS = NO;
				ENABLE_STRICT_OBJC_MSGSEND = YES;
				ENABLE_USER_SCRIPT_SANDBOXING = YES;
				GCC_C_LANGUAGE_STANDARD = gnu17;
				GCC_NO_COMMON_BLOCKS = YES;
				GCC_WARN_64_TO_32_BIT_CONVERSION = YES;
				GCC_WARN_ABOUT_RETURN_TYPE = YES_ERROR;
				GCC_WARN_UNDECLARED_SELECTOR = YES;
				GCC_WARN_UNINITIALIZED_AUTOS = YES_AGGRESSIVE;
				GCC_WARN_UNUSED_FUNCTION = YES;
				GCC_WARN_UNUSED_VARIABLE = YES;
				IPHONEOS_DEPLOYMENT_TARGET = 17.5;
				LOCALIZATION_PREFERS_STRING_CATALOGS = YES;
				MTL_ENABLE_DEBUG_INFO = NO;
				MTL_FAST_MATH = YES;
				SDKROOT = iphoneos;
				SWIFT_COMPILATION_MODE = wholemodule;
				VALIDATE_PRODUCT = YES;
			};
			name = Release;
		};
		EEBB00A72CD00504005415E9 /* Debug */ = {
			isa = XCBuildConfiguration;
			buildSettings = {
				ASSETCATALOG_COMPILER_APPICON_NAME = AppIcon;
				ASSETCATALOG_COMPILER_GLOBAL_ACCENT_COLOR_NAME = AccentColor;
				CODE_SIGN_STYLE = Automatic;
				CURRENT_PROJECT_VERSION = 1;
				DEVELOPMENT_ASSET_PATHS = "\"IntelligenceAssistant/Preview Content\"";
				DEVELOPMENT_TEAM = TP96UE2882;
				ENABLE_PREVIEWS = YES;
				GENERATE_INFOPLIST_FILE = YES;
				INFOPLIST_KEY_UIApplicationSceneManifest_Generation = YES;
				INFOPLIST_KEY_UIApplicationSupportsIndirectInputEvents = YES;
				INFOPLIST_KEY_UILaunchScreen_Generation = YES;
				INFOPLIST_KEY_UISupportedInterfaceOrientations_iPad = "UIInterfaceOrientationPortrait UIInterfaceOrientationPortraitUpsideDown UIInterfaceOrientationLandscapeLeft UIInterfaceOrientationLandscapeRight";
				INFOPLIST_KEY_UISupportedInterfaceOrientations_iPhone = "UIInterfaceOrientationPortrait UIInterfaceOrientationLandscapeLeft UIInterfaceOrientationLandscapeRight";
				LD_RUNPATH_SEARCH_PATHS = (
					"$(inherited)",
					"@executable_path/Frameworks",
				);
				MARKETING_VERSION = 1.0;
				PRODUCT_BUNDLE_IDENTIFIER = "Sam-MacGinty.IntelligenceAssistant";
				PRODUCT_NAME = "$(TARGET_NAME)";
				SWIFT_EMIT_LOC_STRINGS = YES;
				SWIFT_VERSION = 5.0;
				TARGETED_DEVICE_FAMILY = "1,2";
			};
			name = Debug;
		};
		EEBB00A82CD00504005415E9 /* Release */ = {
			isa = XCBuildConfiguration;
			buildSettings = {
				ASSETCATALOG_COMPILER_APPICON_NAME = AppIcon;
				ASSETCATALOG_COMPILER_GLOBAL_ACCENT_COLOR_NAME = AccentColor;
				CODE_SIGN_STYLE = Automatic;
				CURRENT_PROJECT_VERSION = 1;
				DEVELOPMENT_ASSET_PATHS = "\"IntelligenceAssistant/Preview Content\"";
				DEVELOPMENT_TEAM = TP96UE2882;
				ENABLE_PREVIEWS = YES;
				GENERATE_INFOPLIST_FILE = YES;
				INFOPLIST_KEY_UIApplicationSceneManifest_Generation = YES;
				INFOPLIST_KEY_UIApplicationSupportsIndirectInputEvents = YES;
				INFOPLIST_KEY_UILaunchScreen_Generation = YES;
				INFOPLIST_KEY_UISupportedInterfaceOrientations_iPad = "UIInterfaceOrientationPortrait UIInterfaceOrientationPortraitUpsideDown UIInterfaceOrientationLandscapeLeft UIInterfaceOrientationLandscapeRight";
				INFOPLIST_KEY_UISupportedInterfaceOrientations_iPhone = "UIInterfaceOrientationPortrait UIInterfaceOrientationLandscapeLeft UIInterfaceOrientationLandscapeRight";
				LD_RUNPATH_SEARCH_PATHS = (
					"$(inherited)",
					"@executable_path/Frameworks",
				);
				MARKETING_VERSION = 1.0;
				PRODUCT_BUNDLE_IDENTIFIER = "Sam-MacGinty.IntelligenceAssistant";
				PRODUCT_NAME = "$(TARGET_NAME)";
				SWIFT_EMIT_LOC_STRINGS = YES;
				SWIFT_VERSION = 5.0;
				TARGETED_DEVICE_FAMILY = "1,2";
			};
			name = Release;
		};
		EEBB00AA2CD00504005415E9 /* Debug */ = {
			isa = XCBuildConfiguration;
			buildSettings = {
				ALWAYS_EMBED_SWIFT_STANDARD_LIBRARIES = YES;
				BUNDLE_LOADER = "$(TEST_HOST)";
				CODE_SIGN_STYLE = Automatic;
				CURRENT_PROJECT_VERSION = 1;
				DEVELOPMENT_TEAM = TP96UE2882;
				GENERATE_INFOPLIST_FILE = YES;
				IPHONEOS_DEPLOYMENT_TARGET = 17.5;
				MARKETING_VERSION = 1.0;
				PRODUCT_BUNDLE_IDENTIFIER = "Sam-MacGinty.IntelligenceAssistantTests";
				PRODUCT_NAME = "$(TARGET_NAME)";
				SWIFT_EMIT_LOC_STRINGS = NO;
				SWIFT_VERSION = 5.0;
				TARGETED_DEVICE_FAMILY = "1,2";
				TEST_HOST = "$(BUILT_PRODUCTS_DIR)/IntelligenceAssistant.app/$(BUNDLE_EXECUTABLE_FOLDER_PATH)/IntelligenceAssistant";
			};
			name = Debug;
		};
		EEBB00AB2CD00504005415E9 /* Release */ = {
			isa = XCBuildConfiguration;
			buildSettings = {
				ALWAYS_EMBED_SWIFT_STANDARD_LIBRARIES = YES;
				BUNDLE_LOADER = "$(TEST_HOST)";
				CODE_SIGN_STYLE = Automatic;
				CURRENT_PROJECT_VERSION = 1;
				DEVELOPMENT_TEAM = TP96UE2882;
				GENERATE_INFOPLIST_FILE = YES;
				IPHONEOS_DEPLOYMENT_TARGET = 17.5;
				MARKETING_VERSION = 1.0;
				PRODUCT_BUNDLE_IDENTIFIER = "Sam-MacGinty.IntelligenceAssistantTests";
				PRODUCT_NAME = "$(TARGET_NAME)";
				SWIFT_EMIT_LOC_STRINGS = NO;
				SWIFT_VERSION = 5.0;
				TARGETED_DEVICE_FAMILY = "1,2";
				TEST_HOST = "$(BUILT_PRODUCTS_DIR)/IntelligenceAssistant.app/$(BUNDLE_EXECUTABLE_FOLDER_PATH)/IntelligenceAssistant";
			};
			name = Release;
		};
		EEBB00AD2CD00504005415E9 /* Debug */ = {
			isa = XCBuildConfiguration;
			buildSettings = {
				ALWAYS_EMBED_SWIFT_STANDARD_LIBRARIES = YES;
				CODE_SIGN_STYLE = Automatic;
				CURRENT_PROJECT_VERSION = 1;
				DEVELOPMENT_TEAM = TP96UE2882;
				GENERATE_INFOPLIST_FILE = YES;
				MARKETING_VERSION = 1.0;
				PRODUCT_BUNDLE_IDENTIFIER = "Sam-MacGinty.IntelligenceAssistantUITests";
				PRODUCT_NAME = "$(TARGET_NAME)";
				SWIFT_EMIT_LOC_STRINGS = NO;
				SWIFT_VERSION = 5.0;
				TARGETED_DEVICE_FAMILY = "1,2";
				TEST_TARGET_NAME = IntelligenceAssistant;
			};
			name = Debug;
		};
		EEBB00AE2CD00504005415E9 /* Release */ = {
			isa = XCBuildConfiguration;
			buildSettings = {
				ALWAYS_EMBED_SWIFT_STANDARD_LIBRARIES = YES;
				CODE_SIGN_STYLE = Automatic;
				CURRENT_PROJECT_VERSION = 1;
				DEVELOPMENT_TEAM = TP96UE2882;
				GENERATE_INFOPLIST_FILE = YES;
				MARKETING_VERSION = 1.0;
				PRODUCT_BUNDLE_IDENTIFIER = "Sam-MacGinty.IntelligenceAssistantUITests";
				PRODUCT_NAME = "$(TARGET_NAME)";
				SWIFT_EMIT_LOC_STRINGS = NO;
				SWIFT_VERSION = 5.0;
				TARGETED_DEVICE_FAMILY = "1,2";
				TEST_TARGET_NAME = IntelligenceAssistant;
			};
			name = Release;
		};
/* End XCBuildConfiguration section */

/* Begin XCConfigurationList section */
		EEBB007D2CD00503005415E9 /* Build configuration list for PBXProject "IntelligenceAssistant" */ = {
			isa = XCConfigurationList;
			buildConfigurations = (
				EEBB00A42CD00504005415E9 /* Debug */,
				EEBB00A52CD00504005415E9 /* Release */,
			);
			defaultConfigurationIsVisible = 0;
			defaultConfigurationName = Release;
		};
		EEBB00A62CD00504005415E9 /* Build configuration list for PBXNativeTarget "IntelligenceAssistant" */ = {
			isa = XCConfigurationList;
			buildConfigurations = (
				EEBB00A72CD00504005415E9 /* Debug */,
				EEBB00A82CD00504005415E9 /* Release */,
			);
			defaultConfigurationIsVisible = 0;
			defaultConfigurationName = Release;
		};
		EEBB00A92CD00504005415E9 /* Build configuration list for PBXNativeTarget "IntelligenceAssistantTests" */ = {
			isa = XCConfigurationList;
			buildConfigurations = (
				EEBB00AA2CD00504005415E9 /* Debug */,
				EEBB00AB2CD00504005415E9 /* Release */,
			);
			defaultConfigurationIsVisible = 0;
			defaultConfigurationName = Release;
		};
		EEBB00AC2CD00504005415E9 /* Build configuration list for PBXNativeTarget "IntelligenceAssistantUITests" */ = {
			isa = XCConfigurationList;
			buildConfigurations = (
				EEBB00AD2CD00504005415E9 /* Debug */,
				EEBB00AE2CD00504005415E9 /* Release */,
			);
			defaultConfigurationIsVisible = 0;
			defaultConfigurationName = Release;
		};
/* End XCConfigurationList section */
	};
	rootObject = EEBB007A2CD00503005415E9 /* Project object */;
}
